// !$*UTF8*$!
{
	archiveVersion = 1;
	classes = {
	};
	objectVersion = 50;
	objects = {

/* Begin PBXBuildFile section */
		D472D9ED26B8CBFC00268936 /* LoginAndCrudApp.swift in Sources */ = {isa = PBXBuildFile; fileRef = D472D9EC26B8CBFC00268936 /* LoginAndCrudApp.swift */; };
		D472D9EF26B8CBFC00268936 /* ContentView.swift in Sources */ = {isa = PBXBuildFile; fileRef = D472D9EE26B8CBFC00268936 /* ContentView.swift */; };
		D472D9F126B8CBFE00268936 /* Assets.xcassets in Resources */ = {isa = PBXBuildFile; fileRef = D472D9F026B8CBFE00268936 /* Assets.xcassets */; };
		D472D9F426B8CBFE00268936 /* Preview Assets.xcassets in Resources */ = {isa = PBXBuildFile; fileRef = D472D9F326B8CBFE00268936 /* Preview Assets.xcassets */; };
		D472D9FF26B8CBFE00268936 /* LoginAndCrudTests.swift in Sources */ = {isa = PBXBuildFile; fileRef = D472D9FE26B8CBFE00268936 /* LoginAndCrudTests.swift */; };
		D472DA0A26B8CBFE00268936 /* LoginAndCrudUITests.swift in Sources */ = {isa = PBXBuildFile; fileRef = D472DA0926B8CBFE00268936 /* LoginAndCrudUITests.swift */; };
/* End PBXBuildFile section */

/* Begin PBXContainerItemProxy section */
		D472D9FB26B8CBFE00268936 /* PBXContainerItemProxy */ = {
			isa = PBXContainerItemProxy;
			containerPortal = D472D9E126B8CBFC00268936 /* Project object */;
			proxyType = 1;
			remoteGlobalIDString = D472D9E826B8CBFC00268936;
			remoteInfo = LoginAndCrud;
		};
		D472DA0626B8CBFE00268936 /* PBXContainerItemProxy */ = {
			isa = PBXContainerItemProxy;
			containerPortal = D472D9E126B8CBFC00268936 /* Project object */;
			proxyType = 1;
			remoteGlobalIDString = D472D9E826B8CBFC00268936;
			remoteInfo = LoginAndCrud;
		};
/* End PBXContainerItemProxy section */

/* Begin PBXFileReference section */
		D472D9E926B8CBFC00268936 /* LoginAndCrud.app */ = {isa = PBXFileReference; explicitFileType = wrapper.application; includeInIndex = 0; path = LoginAndCrud.app; sourceTree = BUILT_PRODUCTS_DIR; };
		D472D9EC26B8CBFC00268936 /* LoginAndCrudApp.swift */ = {isa = PBXFileReference; lastKnownFileType = sourcecode.swift; path = LoginAndCrudApp.swift; sourceTree = "<group>"; };
		D472D9EE26B8CBFC00268936 /* ContentView.swift */ = {isa = PBXFileReference; lastKnownFileType = sourcecode.swift; path = ContentView.swift; sourceTree = "<group>"; };
		D472D9F026B8CBFE00268936 /* Assets.xcassets */ = {isa = PBXFileReference; lastKnownFileType = folder.assetcatalog; path = Assets.xcassets; sourceTree = "<group>"; };
		D472D9F326B8CBFE00268936 /* Preview Assets.xcassets */ = {isa = PBXFileReference; lastKnownFileType = folder.assetcatalog; path = "Preview Assets.xcassets"; sourceTree = "<group>"; };
		D472D9F526B8CBFE00268936 /* Info.plist */ = {isa = PBXFileReference; lastKnownFileType = text.plist.xml; path = Info.plist; sourceTree = "<group>"; };
		D472D9FA26B8CBFE00268936 /* LoginAndCrudTests.xctest */ = {isa = PBXFileReference; explicitFileType = wrapper.cfbundle; includeInIndex = 0; path = LoginAndCrudTests.xctest; sourceTree = BUILT_PRODUCTS_DIR; };
		D472D9FE26B8CBFE00268936 /* LoginAndCrudTests.swift */ = {isa = PBXFileReference; lastKnownFileType = sourcecode.swift; path = LoginAndCrudTests.swift; sourceTree = "<group>"; };
		D472DA0026B8CBFE00268936 /* Info.plist */ = {isa = PBXFileReference; lastKnownFileType = text.plist.xml; path = Info.plist; sourceTree = "<group>"; };
		D472DA0526B8CBFE00268936 /* LoginAndCrudUITests.xctest */ = {isa = PBXFileReference; explicitFileType = wrapper.cfbundle; includeInIndex = 0; path = LoginAndCrudUITests.xctest; sourceTree = BUILT_PRODUCTS_DIR; };
		D472DA0926B8CBFE00268936 /* LoginAndCrudUITests.swift */ = {isa = PBXFileReference; lastKnownFileType = sourcecode.swift; path = LoginAndCrudUITests.swift; sourceTree = "<group>"; };
		D472DA0B26B8CBFE00268936 /* Info.plist */ = {isa = PBXFileReference; lastKnownFileType = text.plist.xml; path = Info.plist; sourceTree = "<group>"; };
/* End PBXFileReference section */

/* Begin PBXFrameworksBuildPhase section */
		D472D9E626B8CBFC00268936 /* Frameworks */ = {
			isa = PBXFrameworksBuildPhase;
			buildActionMask = 2147483647;
			files = (
			);
			runOnlyForDeploymentPostprocessing = 0;
		};
		D472D9F726B8CBFE00268936 /* Frameworks */ = {
			isa = PBXFrameworksBuildPhase;
			buildActionMask = 2147483647;
			files = (
			);
			runOnlyForDeploymentPostprocessing = 0;
		};
		D472DA0226B8CBFE00268936 /* Frameworks */ = {
			isa = PBXFrameworksBuildPhase;
			buildActionMask = 2147483647;
			files = (
			);
			runOnlyForDeploymentPostprocessing = 0;
		};
/* End PBXFrameworksBuildPhase section */

/* Begin PBXGroup section */
		D472D9E026B8CBFC00268936 = {
			isa = PBXGroup;
			children = (
				D472D9EB26B8CBFC00268936 /* LoginAndCrud */,
				D472D9FD26B8CBFE00268936 /* LoginAndCrudTests */,
				D472DA0826B8CBFE00268936 /* LoginAndCrudUITests */,
				D472D9EA26B8CBFC00268936 /* Products */,
			);
			sourceTree = "<group>";
		};
		D472D9EA26B8CBFC00268936 /* Products */ = {
			isa = PBXGroup;
			children = (
				D472D9E926B8CBFC00268936 /* LoginAndCrud.app */,
				D472D9FA26B8CBFE00268936 /* LoginAndCrudTests.xctest */,
				D472DA0526B8CBFE00268936 /* LoginAndCrudUITests.xctest */,
			);
			name = Products;
			sourceTree = "<group>";
		};
		D472D9EB26B8CBFC00268936 /* LoginAndCrud */ = {
			isa = PBXGroup;
			children = (
				D472D9EC26B8CBFC00268936 /* LoginAndCrudApp.swift */,
				D472D9EE26B8CBFC00268936 /* ContentView.swift */,
				D472D9F026B8CBFE00268936 /* Assets.xcassets */,
				D472D9F526B8CBFE00268936 /* Info.plist */,
				D472D9F226B8CBFE00268936 /* Preview Content */,
			);
			path = LoginAndCrud;
			sourceTree = "<group>";
		};
		D472D9F226B8CBFE00268936 /* Preview Content */ = {
			isa = PBXGroup;
			children = (
				D472D9F326B8CBFE00268936 /* Preview Assets.xcassets */,
			);
			path = "Preview Content";
			sourceTree = "<group>";
		};
		D472D9FD26B8CBFE00268936 /* LoginAndCrudTests */ = {
			isa = PBXGroup;
			children = (
				D472D9FE26B8CBFE00268936 /* LoginAndCrudTests.swift */,
				D472DA0026B8CBFE00268936 /* Info.plist */,
			);
			path = LoginAndCrudTests;
			sourceTree = "<group>";
		};
		D472DA0826B8CBFE00268936 /* LoginAndCrudUITests */ = {
			isa = PBXGroup;
			children = (
				D472DA0926B8CBFE00268936 /* LoginAndCrudUITests.swift */,
				D472DA0B26B8CBFE00268936 /* Info.plist */,
			);
			path = LoginAndCrudUITests;
			sourceTree = "<group>";
		};
/* End PBXGroup section */

/* Begin PBXNativeTarget section */
		D472D9E826B8CBFC00268936 /* LoginAndCrud */ = {
			isa = PBXNativeTarget;
			buildConfigurationList = D472DA0E26B8CBFE00268936 /* Build configuration list for PBXNativeTarget "LoginAndCrud" */;
			buildPhases = (
				D472D9E526B8CBFC00268936 /* Sources */,
				D472D9E626B8CBFC00268936 /* Frameworks */,
				D472D9E726B8CBFC00268936 /* Resources */,
			);
			buildRules = (
			);
			dependencies = (
			);
			name = LoginAndCrud;
			productName = LoginAndCrud;
			productReference = D472D9E926B8CBFC00268936 /* LoginAndCrud.app */;
			productType = "com.apple.product-type.application";
		};
		D472D9F926B8CBFE00268936 /* LoginAndCrudTests */ = {
			isa = PBXNativeTarget;
			buildConfigurationList = D472DA1126B8CBFE00268936 /* Build configuration list for PBXNativeTarget "LoginAndCrudTests" */;
			buildPhases = (
				D472D9F626B8CBFE00268936 /* Sources */,
				D472D9F726B8CBFE00268936 /* Frameworks */,
				D472D9F826B8CBFE00268936 /* Resources */,
			);
			buildRules = (
			);
			dependencies = (
				D472D9FC26B8CBFE00268936 /* PBXTargetDependency */,
			);
			name = LoginAndCrudTests;
			productName = LoginAndCrudTests;
			productReference = D472D9FA26B8CBFE00268936 /* LoginAndCrudTests.xctest */;
			productType = "com.apple.product-type.bundle.unit-test";
		};
		D472DA0426B8CBFE00268936 /* LoginAndCrudUITests */ = {
			isa = PBXNativeTarget;
			buildConfigurationList = D472DA1426B8CBFE00268936 /* Build configuration list for PBXNativeTarget "LoginAndCrudUITests" */;
			buildPhases = (
				D472DA0126B8CBFE00268936 /* Sources */,
				D472DA0226B8CBFE00268936 /* Frameworks */,
				D472DA0326B8CBFE00268936 /* Resources */,
			);
			buildRules = (
			);
			dependencies = (
				D472DA0726B8CBFE00268936 /* PBXTargetDependency */,
			);
			name = LoginAndCrudUITests;
			productName = LoginAndCrudUITests;
			productReference = D472DA0526B8CBFE00268936 /* LoginAndCrudUITests.xctest */;
			productType = "com.apple.product-type.bundle.ui-testing";
		};
/* End PBXNativeTarget section */

/* Begin PBXProject section */
		D472D9E126B8CBFC00268936 /* Project object */ = {
			isa = PBXProject;
			attributes = {
				LastSwiftUpdateCheck = 1250;
				LastUpgradeCheck = 1250;
				TargetAttributes = {
					D472D9E826B8CBFC00268936 = {
						CreatedOnToolsVersion = 12.5;
					};
					D472D9F926B8CBFE00268936 = {
						CreatedOnToolsVersion = 12.5;
						TestTargetID = D472D9E826B8CBFC00268936;
					};
					D472DA0426B8CBFE00268936 = {
						CreatedOnToolsVersion = 12.5;
						TestTargetID = D472D9E826B8CBFC00268936;
					};
				};
			};
			buildConfigurationList = D472D9E426B8CBFC00268936 /* Build configuration list for PBXProject "LoginAndCrud" */;
			compatibilityVersion = "Xcode 9.3";
			developmentRegion = en;
			hasScannedForEncodings = 0;
			knownRegions = (
				en,
				Base,
			);
			mainGroup = D472D9E026B8CBFC00268936;
			productRefGroup = D472D9EA26B8CBFC00268936 /* Products */;
			projectDirPath = "";
			projectRoot = "";
			targets = (
				D472D9E826B8CBFC00268936 /* LoginAndCrud */,
				D472D9F926B8CBFE00268936 /* LoginAndCrudTests */,
				D472DA0426B8CBFE00268936 /* LoginAndCrudUITests */,
			);
		};
/* End PBXProject section */

/* Begin PBXResourcesBuildPhase section */
		D472D9E726B8CBFC00268936 /* Resources */ = {
			isa = PBXResourcesBuildPhase;
			buildActionMask = 2147483647;
			files = (
				D472D9F426B8CBFE00268936 /* Preview Assets.xcassets in Resources */,
				D472D9F126B8CBFE00268936 /* Assets.xcassets in Resources */,
			);
			runOnlyForDeploymentPostprocessing = 0;
		};
		D472D9F826B8CBFE00268936 /* Resources */ = {
			isa = PBXResourcesBuildPhase;
			buildActionMask = 2147483647;
			files = (
			);
			runOnlyForDeploymentPostprocessing = 0;
		};
		D472DA0326B8CBFE00268936 /* Resources */ = {
			isa = PBXResourcesBuildPhase;
			buildActionMask = 2147483647;
			files = (
			);
			runOnlyForDeploymentPostprocessing = 0;
		};
/* End PBXResourcesBuildPhase section */

/* Begin PBXSourcesBuildPhase section */
		D472D9E526B8CBFC00268936 /* Sources */ = {
			isa = PBXSourcesBuildPhase;
			buildActionMask = 2147483647;
			files = (
				D472D9EF26B8CBFC00268936 /* ContentView.swift in Sources */,
				D472D9ED26B8CBFC00268936 /* LoginAndCrudApp.swift in Sources */,
			);
			runOnlyForDeploymentPostprocessing = 0;
		};
		D472D9F626B8CBFE00268936 /* Sources */ = {
			isa = PBXSourcesBuildPhase;
			buildActionMask = 2147483647;
			files = (
				D472D9FF26B8CBFE00268936 /* LoginAndCrudTests.swift in Sources */,
			);
			runOnlyForDeploymentPostprocessing = 0;
		};
		D472DA0126B8CBFE00268936 /* Sources */ = {
			isa = PBXSourcesBuildPhase;
			buildActionMask = 2147483647;
			files = (
				D472DA0A26B8CBFE00268936 /* LoginAndCrudUITests.swift in Sources */,
			);
			runOnlyForDeploymentPostprocessing = 0;
		};
/* End PBXSourcesBuildPhase section */

/* Begin PBXTargetDependency section */
		D472D9FC26B8CBFE00268936 /* PBXTargetDependency */ = {
			isa = PBXTargetDependency;
			target = D472D9E826B8CBFC00268936 /* LoginAndCrud */;
			targetProxy = D472D9FB26B8CBFE00268936 /* PBXContainerItemProxy */;
		};
		D472DA0726B8CBFE00268936 /* PBXTargetDependency */ = {
			isa = PBXTargetDependency;
			target = D472D9E826B8CBFC00268936 /* LoginAndCrud */;
			targetProxy = D472DA0626B8CBFE00268936 /* PBXContainerItemProxy */;
		};
/* End PBXTargetDependency section */

/* Begin XCBuildConfiguration section */
		D472DA0C26B8CBFE00268936 /* Debug */ = {
			isa = XCBuildConfiguration;
			buildSettings = {
				ALWAYS_SEARCH_USER_PATHS = NO;
				CLANG_ANALYZER_NONNULL = YES;
				CLANG_ANALYZER_NUMBER_OBJECT_CONVERSION = YES_AGGRESSIVE;
				CLANG_CXX_LANGUAGE_STANDARD = "gnu++14";
				CLANG_CXX_LIBRARY = "libc++";
				CLANG_ENABLE_MODULES = YES;
				CLANG_ENABLE_OBJC_ARC = YES;
				CLANG_ENABLE_OBJC_WEAK = YES;
				CLANG_WARN_BLOCK_CAPTURE_AUTORELEASING = YES;
				CLANG_WARN_BOOL_CONVERSION = YES;
				CLANG_WARN_COMMA = YES;
				CLANG_WARN_CONSTANT_CONVERSION = YES;
				CLANG_WARN_DEPRECATED_OBJC_IMPLEMENTATIONS = YES;
				CLANG_WARN_DIRECT_OBJC_ISA_USAGE = YES_ERROR;
				CLANG_WARN_DOCUMENTATION_COMMENTS = YES;
				CLANG_WARN_EMPTY_BODY = YES;
				CLANG_WARN_ENUM_CONVERSION = YES;
				CLANG_WARN_INFINITE_RECURSION = YES;
				CLANG_WARN_INT_CONVERSION = YES;
				CLANG_WARN_NON_LITERAL_NULL_CONVERSION = YES;
				CLANG_WARN_OBJC_IMPLICIT_RETAIN_SELF = YES;
				CLANG_WARN_OBJC_LITERAL_CONVERSION = YES;
				CLANG_WARN_OBJC_ROOT_CLASS = YES_ERROR;
				CLANG_WARN_QUOTED_INCLUDE_IN_FRAMEWORK_HEADER = YES;
				CLANG_WARN_RANGE_LOOP_ANALYSIS = YES;
				CLANG_WARN_STRICT_PROTOTYPES = YES;
				CLANG_WARN_SUSPICIOUS_MOVE = YES;
				CLANG_WARN_UNGUARDED_AVAILABILITY = YES_AGGRESSIVE;
				CLANG_WARN_UNREACHABLE_CODE = YES;
				CLANG_WARN__DUPLICATE_METHOD_MATCH = YES;
				COPY_PHASE_STRIP = NO;
				DEBUG_INFORMATION_FORMAT = dwarf;
				ENABLE_STRICT_OBJC_MSGSEND = YES;
				ENABLE_TESTABILITY = YES;
				GCC_C_LANGUAGE_STANDARD = gnu11;
				GCC_DYNAMIC_NO_PIC = NO;
				GCC_NO_COMMON_BLOCKS = YES;
				GCC_OPTIMIZATION_LEVEL = 0;
				GCC_PREPROCESSOR_DEFINITIONS = (
					"DEBUG=1",
					"$(inherited)",
				);
				GCC_WARN_64_TO_32_BIT_CONVERSION = YES;
				GCC_WARN_ABOUT_RETURN_TYPE = YES_ERROR;
				GCC_WARN_UNDECLARED_SELECTOR = YES;
				GCC_WARN_UNINITIALIZED_AUTOS = YES_AGGRESSIVE;
				GCC_WARN_UNUSED_FUNCTION = YES;
				GCC_WARN_UNUSED_VARIABLE = YES;
				IPHONEOS_DEPLOYMENT_TARGET = 14.5;
				MTL_ENABLE_DEBUG_INFO = INCLUDE_SOURCE;
				MTL_FAST_MATH = YES;
				ONLY_ACTIVE_ARCH = YES;
				SDKROOT = iphoneos;
				SWIFT_ACTIVE_COMPILATION_CONDITIONS = DEBUG;
				SWIFT_OPTIMIZATION_LEVEL = "-Onone";
			};
			name = Debug;
		};
		D472DA0D26B8CBFE00268936 /* Release */ = {
			isa = XCBuildConfiguration;
			buildSettings = {
				ALWAYS_SEARCH_USER_PATHS = NO;
				CLANG_ANALYZER_NONNULL = YES;
				CLANG_ANALYZER_NUMBER_OBJECT_CONVERSION = YES_AGGRESSIVE;
				CLANG_CXX_LANGUAGE_STANDARD = "gnu++14";
				CLANG_CXX_LIBRARY = "libc++";
				CLANG_ENABLE_MODULES = YES;
				CLANG_ENABLE_OBJC_ARC = YES;
				CLANG_ENABLE_OBJC_WEAK = YES;
				CLANG_WARN_BLOCK_CAPTURE_AUTORELEASING = YES;
				CLANG_WARN_BOOL_CONVERSION = YES;
				CLANG_WARN_COMMA = YES;
				CLANG_WARN_CONSTANT_CONVERSION = YES;
				CLANG_WARN_DEPRECATED_OBJC_IMPLEMENTATIONS = YES;
				CLANG_WARN_DIRECT_OBJC_ISA_USAGE = YES_ERROR;
				CLANG_WARN_DOCUMENTATION_COMMENTS = YES;
				CLANG_WARN_EMPTY_BODY = YES;
				CLANG_WARN_ENUM_CONVERSION = YES;
				CLANG_WARN_INFINITE_RECURSION = YES;
				CLANG_WARN_INT_CONVERSION = YES;
				CLANG_WARN_NON_LITERAL_NULL_CONVERSION = YES;
				CLANG_WARN_OBJC_IMPLICIT_RETAIN_SELF = YES;
				CLANG_WARN_OBJC_LITERAL_CONVERSION = YES;
				CLANG_WARN_OBJC_ROOT_CLASS = YES_ERROR;
				CLANG_WARN_QUOTED_INCLUDE_IN_FRAMEWORK_HEADER = YES;
				CLANG_WARN_RANGE_LOOP_ANALYSIS = YES;
				CLANG_WARN_STRICT_PROTOTYPES = YES;
				CLANG_WARN_SUSPICIOUS_MOVE = YES;
				CLANG_WARN_UNGUARDED_AVAILABILITY = YES_AGGRESSIVE;
				CLANG_WARN_UNREACHABLE_CODE = YES;
				CLANG_WARN__DUPLICATE_METHOD_MATCH = YES;
				COPY_PHASE_STRIP = NO;
				DEBUG_INFORMATION_FORMAT = "dwarf-with-dsym";
				ENABLE_NS_ASSERTIONS = NO;
				ENABLE_STRICT_OBJC_MSGSEND = YES;
				GCC_C_LANGUAGE_STANDARD = gnu11;
				GCC_NO_COMMON_BLOCKS = YES;
				GCC_WARN_64_TO_32_BIT_CONVERSION = YES;
				GCC_WARN_ABOUT_RETURN_TYPE = YES_ERROR;
				GCC_WARN_UNDECLARED_SELECTOR = YES;
				GCC_WARN_UNINITIALIZED_AUTOS = YES_AGGRESSIVE;
				GCC_WARN_UNUSED_FUNCTION = YES;
				GCC_WARN_UNUSED_VARIABLE = YES;
				IPHONEOS_DEPLOYMENT_TARGET = 14.5;
				MTL_ENABLE_DEBUG_INFO = NO;
				MTL_FAST_MATH = YES;
				SDKROOT = iphoneos;
				SWIFT_COMPILATION_MODE = wholemodule;
				SWIFT_OPTIMIZATION_LEVEL = "-O";
				VALIDATE_PRODUCT = YES;
			};
			name = Release;
		};
		D472DA0F26B8CBFE00268936 /* Debug */ = {
			isa = XCBuildConfiguration;
			buildSettings = {
				ASSETCATALOG_COMPILER_APPICON_NAME = AppIcon;
				ASSETCATALOG_COMPILER_GLOBAL_ACCENT_COLOR_NAME = AccentColor;
				CODE_SIGN_STYLE = Automatic;
				DEVELOPMENT_ASSET_PATHS = "\"LoginAndCrud/Preview Content\"";
				DEVELOPMENT_TEAM = T64W6M4848;
				ENABLE_PREVIEWS = YES;
				INFOPLIST_FILE = LoginAndCrud/Info.plist;
				IPHONEOS_DEPLOYMENT_TARGET = 14.0;
				LD_RUNPATH_SEARCH_PATHS = (
					"$(inherited)",
					"@executable_path/Frameworks",
				);
				PRODUCT_BUNDLE_IDENTIFIER = brauny.LoginAndCrud;
				PRODUCT_NAME = "$(TARGET_NAME)";
				SWIFT_VERSION = 5.0;
				TARGETED_DEVICE_FAMILY = "1,2";
			};
			name = Debug;
		};
		D472DA1026B8CBFE00268936 /* Release */ = {
			isa = XCBuildConfiguration;
			buildSettings = {
				ASSETCATALOG_COMPILER_APPICON_NAME = AppIcon;
				ASSETCATALOG_COMPILER_GLOBAL_ACCENT_COLOR_NAME = AccentColor;
				CODE_SIGN_STYLE = Automatic;
				DEVELOPMENT_ASSET_PATHS = "\"LoginAndCrud/Preview Content\"";
				DEVELOPMENT_TEAM = T64W6M4848;
				ENABLE_PREVIEWS = YES;
				INFOPLIST_FILE = LoginAndCrud/Info.plist;
				IPHONEOS_DEPLOYMENT_TARGET = 14.0;
				LD_RUNPATH_SEARCH_PATHS = (
					"$(inherited)",
					"@executable_path/Frameworks",
				);
				PRODUCT_BUNDLE_IDENTIFIER = brauny.LoginAndCrud;
				PRODUCT_NAME = "$(TARGET_NAME)";
				SWIFT_VERSION = 5.0;
				TARGETED_DEVICE_FAMILY = "1,2";
			};
			name = Release;
		};
		D472DA1226B8CBFE00268936 /* Debug */ = {
			isa = XCBuildConfiguration;
			buildSettings = {
				ALWAYS_EMBED_SWIFT_STANDARD_LIBRARIES = YES;
				BUNDLE_LOADER = "$(TEST_HOST)";
				CODE_SIGN_STYLE = Automatic;
				DEVELOPMENT_TEAM = T64W6M4848;
				INFOPLIST_FILE = LoginAndCrudTests/Info.plist;
				IPHONEOS_DEPLOYMENT_TARGET = 14.0;
				LD_RUNPATH_SEARCH_PATHS = (
					"$(inherited)",
					"@executable_path/Frameworks",
					"@loader_path/Frameworks",
				);
				PRODUCT_BUNDLE_IDENTIFIER = brauny.LoginAndCrudTests;
				PRODUCT_NAME = "$(TARGET_NAME)";
				SWIFT_VERSION = 5.0;
				TARGETED_DEVICE_FAMILY = "1,2";
				TEST_HOST = "$(BUILT_PRODUCTS_DIR)/LoginAndCrud.app/LoginAndCrud";
			};
			name = Debug;
		};
		D472DA1326B8CBFE00268936 /* Release */ = {
			isa = XCBuildConfiguration;
			buildSettings = {
				ALWAYS_EMBED_SWIFT_STANDARD_LIBRARIES = YES;
				BUNDLE_LOADER = "$(TEST_HOST)";
				CODE_SIGN_STYLE = Automatic;
				DEVELOPMENT_TEAM = T64W6M4848;
				INFOPLIST_FILE = LoginAndCrudTests/Info.plist;
				IPHONEOS_DEPLOYMENT_TARGET = 14.0;
				LD_RUNPATH_SEARCH_PATHS = (
					"$(inherited)",
					"@executable_path/Frameworks",
					"@loader_path/Frameworks",
				);
				PRODUCT_BUNDLE_IDENTIFIER = brauny.LoginAndCrudTests;
				PRODUCT_NAME = "$(TARGET_NAME)";
				SWIFT_VERSION = 5.0;
				TARGETED_DEVICE_FAMILY = "1,2";
				TEST_HOST = "$(BUILT_PRODUCTS_DIR)/LoginAndCrud.app/LoginAndCrud";
			};
			name = Release;
		};
		D472DA1526B8CBFE00268936 /* Debug */ = {
			isa = XCBuildConfiguration;
			buildSettings = {
				ALWAYS_EMBED_SWIFT_STANDARD_LIBRARIES = YES;
				CODE_SIGN_STYLE = Automatic;
				DEVELOPMENT_TEAM = T64W6M4848;
				INFOPLIST_FILE = LoginAndCrudUITests/Info.plist;
				LD_RUNPATH_SEARCH_PATHS = (
					"$(inherited)",
					"@executable_path/Frameworks",
					"@loader_path/Frameworks",
				);
				PRODUCT_BUNDLE_IDENTIFIER = brauny.LoginAndCrudUITests;
				PRODUCT_NAME = "$(TARGET_NAME)";
				SWIFT_VERSION = 5.0;
				TARGETED_DEVICE_FAMILY = "1,2";
				TEST_TARGET_NAME = LoginAndCrud;
			};
			name = Debug;
		};
		D472DA1626B8CBFE00268936 /* Release */ = {
			isa = XCBuildConfiguration;
			buildSettings = {
				ALWAYS_EMBED_SWIFT_STANDARD_LIBRARIES = YES;
				CODE_SIGN_STYLE = Automatic;
				DEVELOPMENT_TEAM = T64W6M4848;
				INFOPLIST_FILE = LoginAndCrudUITests/Info.plist;
				LD_RUNPATH_SEARCH_PATHS = (
					"$(inherited)",
					"@executable_path/Frameworks",
					"@loader_path/Frameworks",
				);
				PRODUCT_BUNDLE_IDENTIFIER = brauny.LoginAndCrudUITests;
				PRODUCT_NAME = "$(TARGET_NAME)";
				SWIFT_VERSION = 5.0;
				TARGETED_DEVICE_FAMILY = "1,2";
				TEST_TARGET_NAME = LoginAndCrud;
			};
			name = Release;
		};
/* End XCBuildConfiguration section */

/* Begin XCConfigurationList section */
		D472D9E426B8CBFC00268936 /* Build configuration list for PBXProject "LoginAndCrud" */ = {
			isa = XCConfigurationList;
			buildConfigurations = (
				D472DA0C26B8CBFE00268936 /* Debug */,
				D472DA0D26B8CBFE00268936 /* Release */,
			);
			defaultConfigurationIsVisible = 0;
			defaultConfigurationName = Release;
		};
		D472DA0E26B8CBFE00268936 /* Build configuration list for PBXNativeTarget "LoginAndCrud" */ = {
			isa = XCConfigurationList;
			buildConfigurations = (
				D472DA0F26B8CBFE00268936 /* Debug */,
				D472DA1026B8CBFE00268936 /* Release */,
			);
			defaultConfigurationIsVisible = 0;
			defaultConfigurationName = Release;
		};
		D472DA1126B8CBFE00268936 /* Build configuration list for PBXNativeTarget "LoginAndCrudTests" */ = {
			isa = XCConfigurationList;
			buildConfigurations = (
				D472DA1226B8CBFE00268936 /* Debug */,
				D472DA1326B8CBFE00268936 /* Release */,
			);
			defaultConfigurationIsVisible = 0;
			defaultConfigurationName = Release;
		};
		D472DA1426B8CBFE00268936 /* Build configuration list for PBXNativeTarget "LoginAndCrudUITests" */ = {
			isa = XCConfigurationList;
			buildConfigurations = (
				D472DA1526B8CBFE00268936 /* Debug */,
				D472DA1626B8CBFE00268936 /* Release */,
			);
			defaultConfigurationIsVisible = 0;
			defaultConfigurationName = Release;
		};
/* End XCConfigurationList section */
	};
	rootObject = D472D9E126B8CBFC00268936 /* Project object */;
}
